{
  "version": 4,
  "terraform_version": "1.3.3",
  "serial": 27,
  "lineage": "ee457d94-087c-394b-d5b6-4c3fe0a4881a",
  "outputs": {},
  "resources": [
    {
      "mode": "managed",
      "type": "google_compute_subnetwork",
      "name": "subnet",
      "provider": "provider[\"registry.terraform.io/hashicorp/google\"]",
      "instances": [
        {
          "schema_version": 0,
          "attributes": {
            "creation_timestamp": "2022-12-07T14:37:12.898-08:00",
            "description": "",
            "external_ipv6_prefix": "",
            "fingerprint": null,
            "gateway_address": "10.15.0.1",
            "id": "projects/playground-s-11-13f144e1/regions/us-central1/subnetworks/test-cluster-subnet",
            "ip_cidr_range": "10.15.0.0/20",
            "ipv6_access_type": "",
            "ipv6_cidr_range": "",
            "log_config": [],
            "name": "test-cluster-subnet",
            "network": "https://www.googleapis.com/compute/v1/projects/playground-s-11-13f144e1/global/networks/default",
            "private_ip_google_access": false,
            "private_ipv6_google_access": "DISABLE_GOOGLE_ACCESS",
            "project": "playground-s-11-13f144e1",
            "purpose": "PRIVATE",
            "region": "us-central1",
            "role": "",
            "secondary_ip_range": [],
            "self_link": "https://www.googleapis.com/compute/v1/projects/playground-s-11-13f144e1/regions/us-central1/subnetworks/test-cluster-subnet",
            "stack_type": "IPV4_ONLY",
            "timeouts": null
          },
          "sensitive_attributes": [],
          "private": "eyJlMmJmYjczMC1lY2FhLTExZTYtOGY4OC0zNDM2M2JjN2M0YzAiOnsiY3JlYXRlIjoxMjAwMDAwMDAwMDAwLCJkZWxldGUiOjEyMDAwMDAwMDAwMDAsInVwZGF0ZSI6MTIwMDAwMDAwMDAwMH19"
        }
      ]
    },
    {
      "mode": "managed",
      "type": "google_container_cluster",
      "name": "primary",
      "provider": "provider[\"registry.terraform.io/hashicorp/google\"]",
      "instances": [
        {
          "schema_version": 1,
          "attributes": {
            "addons_config": [
              {
                "cloudrun_config": [],
                "dns_cache_config": [],
                "gce_persistent_disk_csi_driver_config": [
                  {
                    "enabled": true
                  }
                ],
                "gcp_filestore_csi_driver_config": [],
                "horizontal_pod_autoscaling": [],
                "http_load_balancing": [],
                "network_policy_config": [
                  {
                    "disabled": true
                  }
                ]
              }
            ],
            "authenticator_groups_config": [],
            "binary_authorization": [
              {
                "enabled": false,
                "evaluation_mode": ""
              }
            ],
            "cluster_autoscaling": [
              {
                "auto_provisioning_defaults": [],
                "enabled": false,
                "resource_limits": []
              }
            ],
            "cluster_ipv4_cidr": "10.68.0.0/14",
            "confidential_nodes": [],
            "cost_management_config": [],
            "database_encryption": [
              {
                "key_name": "",
                "state": "DECRYPTED"
              }
            ],
            "datapath_provider": "",
            "default_max_pods_per_node": null,
            "default_snat_status": [
              {
                "disabled": false
              }
            ],
            "description": "",
            "dns_config": [],
            "enable_autopilot": false,
            "enable_binary_authorization": false,
            "enable_intranode_visibility": false,
            "enable_kubernetes_alpha": false,
            "enable_l4_ilb_subsetting": false,
            "enable_legacy_abac": false,
            "enable_shielded_nodes": true,
            "enable_tpu": false,
            "endpoint": "34.122.193.12",
            "id": "projects/playground-s-11-13f144e1/locations/us-central1-c/clusters/test-cluster",
            "initial_node_count": 1,
            "ip_allocation_policy": [],
            "label_fingerprint": "a9dc16a7",
            "location": "us-central1-c",
            "logging_config": [
              {
                "enable_components": [
                  "SYSTEM_COMPONENTS",
                  "WORKLOADS"
                ]
              }
            ],
            "logging_service": "logging.googleapis.com/kubernetes",
            "maintenance_policy": [],
            "master_auth": [
              {
                "client_certificate": "",
                "client_certificate_config": [
                  {
                    "issue_client_certificate": false
                  }
                ],
                "client_key": "",
                "cluster_ca_certificate": "LS0tLS1CRUdJTiBDRVJUSUZJQ0FURS0tLS0tCk1JSUVMRENDQXBTZ0F3SUJBZ0lRYXZObXlNbitPYisweDZGdkwydm5mVEFOQmdrcWhraUc5dzBCQVFzRkFEQXYKTVMwd0t3WURWUVFERXlRMk5HTTNNamxoTkMxallUSXhMVFEwTXpVdFltSmxPQzFsTkdZNVlqZGtNVEpoWXpVdwpJQmNOTWpJeE1qQTNNakl4TlRBeVdoZ1BNakExTWpFeE1qa3lNekUxTURKYU1DOHhMVEFyQmdOVkJBTVRKRFkwCll6Y3lPV0UwTFdOaE1qRXRORFF6TlMxaVltVTRMV1UwWmpsaU4yUXhNbUZqTlRDQ0FhSXdEUVlKS29aSWh2Y04KQVFFQkJRQURnZ0dQQURDQ0FZb0NnZ0dCQU0wNGorbkRMSGZjWU9YZzJsQzRUV0ZQM0RkMEtoTnFmY1JZS0U3bApUL3FXcVhEZVVxTnM4eTZ1NWU3MXhHUkhON3pJSXFSZ3JZb1A4VmNQM2JvQjJub2l0MFZOSFMzK3JyUkFKNkhhClNiY1hNdklCR1I4ZU8yWDlZcllDNHlwS0tvT3pHbVNxY2tQcEpmbDdwYUlpUG1lRW5HZzJJTWFzUHZneGtsbzUKWUNqTVEyQ2w4TXJFZkxJWktHb1ZsRnZUZE9rUzRwTTBOd2lUZkI3Um96K3RVeUFPbWlsSUtNM3VNOWVUakd1YgozNWFONnF5RzFCY25KMEhTTENWaXNvZmlKNTNRZUtScWRPTjRCQWdLUDFoNkxQcmhVVXBZRVV3Z0VFY2dDTU4yCjRjczFkTGQzbWhKN2t3RjU1TzlLaWowNE1VQlMzV3N6ZnN6amF5cTR0YnNQVm9OYjk4L0RiY1hzcWhwcVpnZGIKOE5JeGlNMTlqSG5SWGs1UG1uN2FLUXBiY2JYblF4T0gvdTBMczhCUUFtZCsycjdMVVdqSUtZT09VY0dKQWRvUApyYkJpa1RkeVdRL2hGdGZ1UXQwWFZvdVJsUVhERzFoRWVNbWhoK3pKRXd0ekVRMUsrZVlJMGJSeTZJa2dyQ3hUCkJDcE82cmlvVXAyYnp6Z2pNRnJYUUVrYnZ3SURBUUFCbzBJd1FEQU9CZ05WSFE4QkFmOEVCQU1DQWdRd0R3WUQKVlIwVEFRSC9CQVV3QXdFQi96QWRCZ05WSFE0RUZnUVVsdjJQaEZHQXRUV2dQaHFjY1Blam53QUs3VHN3RFFZSgpLb1pJaHZjTkFRRUxCUUFEZ2dHQkFBWjQ5U1RGL284eW9zUFZVeUcvN1ZjamhFYTFhMk1pbDlnTFR0cTY0QUdxCmdxSzZicDQzR05NRzZ1VVBKbmdhSlJYQXNOZVdHOWZjV2Y2ZE9LMFdqL1REU1d5amNnZ0psKzUzbWthNXA2bUoKVFBKRzlKSVExWUZWTHZlT0xzaFNUaEttSXhsd082RWdMMUtHS3lsc0dxYlp1OVNkMmRrWVVwY0dqcGVzVWlMZApVRjh5ZmgxTFNPclp5eUVHcllHeC96NXN4b0FwV0cvc04wbVI4eEd3eGFXUHZENTh6aDVvcE9Rb0NxQUh4VkxUClE1aFhkZ1ROdmVGam1QTEdqWGEzaGxBa3Q3aUtkQnZjTDl4eE03UTFjQkpVNW9BUmJwVEFNMVEybHJwMFhscWkKa29xMG5vODMxSG1jclU2Y0hNS1ZNOTlpTHErclBSUkJ2bTlqWENjczlxRER3ZTh5QWRCUjhFNnNsSEZmK3VmUgp6OTdzcFliSUdZNk5GVFN4WDFIMXVIVUhENWVPM2RVdGVjc1lKQTh4eThsbHVPeFdaMHVDOWFhUVhuSm1BZ251Clc4VDcwQTFadjNaN1FMRmtLOGxOS0FIaGI2REdDMFBXTkZ5Zmt1ZjMzbkRSL09XeUo1MUhpWklQdWdqZTc4bzcKc2F3alFwU3o1K1REdVd3OVdMUWlDUT09Ci0tLS0tRU5EIENFUlRJRklDQVRFLS0tLS0K"
              }
            ],
            "master_authorized_networks_config": [],
            "master_version": "1.22.13-gke.1000",
            "mesh_certificates": [],
            "min_master_version": "1.22.13-gke.1000",
            "monitoring_config": [
              {
                "enable_components": [
                  "SYSTEM_COMPONENTS"
                ]
              }
            ],
            "monitoring_service": "monitoring.googleapis.com/kubernetes",
            "name": "test-cluster",
            "network": "projects/playground-s-11-13f144e1/global/networks/default",
            "network_policy": [
              {
                "enabled": false,
                "provider": "PROVIDER_UNSPECIFIED"
              }
            ],
            "networking_mode": "ROUTES",
            "node_config": [],
            "node_locations": [],
            "node_pool": [],
            "node_pool_defaults": [
              {
                "node_config_defaults": [
                  {
                    "logging_variant": "DEFAULT"
                  }
                ]
              }
            ],
            "node_version": "1.22.13-gke.1000",
            "notification_config": [
              {
                "pubsub": [
                  {
                    "enabled": false,
                    "filter": [],
                    "topic": ""
                  }
                ]
              }
            ],
            "operation": null,
            "private_cluster_config": [],
            "private_ipv6_google_access": "",
            "project": "playground-s-11-13f144e1",
            "release_channel": [
              {
                "channel": "UNSPECIFIED"
              }
            ],
            "remove_default_node_pool": true,
            "resource_labels": null,
            "resource_usage_export_config": [],
            "self_link": "https://container.googleapis.com/v1/projects/playground-s-11-13f144e1/zones/us-central1-c/clusters/test-cluster",
            "service_external_ips_config": [
              {
                "enabled": false
              }
            ],
            "services_ipv4_cidr": "10.71.240.0/20",
            "subnetwork": "projects/playground-s-11-13f144e1/regions/us-central1/subnetworks/default",
            "timeouts": null,
            "tpu_ipv4_cidr_block": "",
            "vertical_pod_autoscaling": [],
            "workload_identity_config": []
          },
          "sensitive_attributes": [],
          "private": "eyJlMmJmYjczMC1lY2FhLTExZTYtOGY4OC0zNDM2M2JjN2M0YzAiOnsiY3JlYXRlIjoyNDAwMDAwMDAwMDAwLCJkZWxldGUiOjI0MDAwMDAwMDAwMDAsInJlYWQiOjI0MDAwMDAwMDAwMDAsInVwZGF0ZSI6MzYwMDAwMDAwMDAwMH0sInNjaGVtYV92ZXJzaW9uIjoiMSJ9"
        }
      ]
    },
    {
      "mode": "managed",
      "type": "google_container_node_pool",
      "name": "primary_preemptible_nodes",
      "provider": "provider[\"registry.terraform.io/hashicorp/google\"]",
      "instances": [
        {
          "schema_version": 1,
          "attributes": {
            "autoscaling": [],
            "cluster": "test-cluster",
            "id": "projects/playground-s-11-13f144e1/locations/us-central1-c/clusters/test-cluster/nodePools/test-cluster-node-pool",
            "initial_node_count": 1,
            "instance_group_urls": [
              "https://www.googleapis.com/compute/v1/projects/playground-s-11-13f144e1/zones/us-central1-c/instanceGroupManagers/gke-test-cluster-test-cluster-node-po-7b6abc97-grp"
            ],
            "location": "us-central1-c",
            "managed_instance_group_urls": [
              "https://www.googleapis.com/compute/v1/projects/playground-s-11-13f144e1/zones/us-central1-c/instanceGroups/gke-test-cluster-test-cluster-node-po-7b6abc97-grp"
            ],
            "management": [
              {
                "auto_repair": true,
                "auto_upgrade": true
              }
            ],
            "max_pods_per_node": null,
            "name": "test-cluster-node-pool",
            "name_prefix": "",
            "network_config": [],
            "node_config": [
              {
                "boot_disk_kms_key": "",
                "disk_size_gb": 100,
                "disk_type": "pd-standard",
                "gcfs_config": [],
                "guest_accelerator": [],
                "gvnic": [],
                "image_type": "COS_CONTAINERD",
                "labels": {},
                "local_ssd_count": 0,
                "logging_variant": "DEFAULT",
                "machine_type": "e2-medium",
                "metadata": {
                  "disable-legacy-endpoints": "true"
                },
                "min_cpu_platform": "",
                "node_group": "",
                "oauth_scopes": [
                  "https://www.googleapis.com/auth/logging.write",
                  "https://www.googleapis.com/auth/monitoring"
                ],
                "preemptible": true,
                "reservation_affinity": [],
                "resource_labels": null,
                "service_account": "default",
                "shielded_instance_config": [
                  {
                    "enable_integrity_monitoring": true,
                    "enable_secure_boot": false
                  }
                ],
                "spot": false,
                "tags": null,
                "taint": [],
                "workload_metadata_config": []
              }
            ],
            "node_count": 1,
            "node_locations": [
              "us-central1-c"
            ],
            "operation": null,
            "project": "playground-s-11-13f144e1",
            "timeouts": null,
            "upgrade_settings": [
              {
                "blue_green_settings": [],
                "max_surge": 1,
                "max_unavailable": 0,
                "strategy": "SURGE"
              }
            ],
            "version": "1.22.13-gke.1000"
          },
          "sensitive_attributes": [],
          "private": "eyJlMmJmYjczMC1lY2FhLTExZTYtOGY4OC0zNDM2M2JjN2M0YzAiOnsiY3JlYXRlIjoxODAwMDAwMDAwMDAwLCJkZWxldGUiOjE4MDAwMDAwMDAwMDAsInVwZGF0ZSI6MTgwMDAwMDAwMDAwMH0sInNjaGVtYV92ZXJzaW9uIjoiMSJ9",
          "dependencies": [
            "google_container_cluster.primary"
          ]
        }
      ]
    }
  ],
  "check_results": []
}
